
Microsoft Visual Studio Solution File, Format Version 12.00
# Visual Studio Version 17
VisualStudioVersion = 17.5.002.0
MinimumVisualStudioVersion = 10.0.40219.1
Project("{9A19103F-16F7-4668-BE54-9A1E7A4F7556}") = "Exo.WebApi", "Exo.WebApi.csproj", "{15ED039C-670C-47BE-A489-EA6927AB1439}"
EndProject
Global
	GlobalSection(SolutionConfigurationPlatforms) = preSolution
		Debug|Any CPU = Debug|Any CPU
		Release|Any CPU = Release|Any CPU
	EndGlobalSection
	GlobalSection(ProjectConfigurationPlatforms) = postSolution
		{15ED039C-670C-47BE-A489-EA6927AB1439}.Debug|Any CPU.ActiveCfg = Debug|Any CPU
		{15ED039C-670C-47BE-A489-EA6927AB1439}.Debug|Any CPU.Build.0 = Debug|Any CPU
		{15ED039C-670C-47BE-A489-EA6927AB1439}.Release|Any CPU.ActiveCfg = Release|Any CPU
		{15ED039C-670C-47BE-A489-EA6927AB1439}.Release|Any CPU.Build.0 = Release|Any CPU
	EndGlobalSection
	GlobalSection(SolutionProperties) = preSolution
		HideSolutionNode = FALSE
	EndGlobalSection
	GlobalSection(ExtensibilityGlobals) = postSolution
		SolutionGuid = {F5BDC201-9D14-482D-93D8-9DDF164ABB22}
	EndGlobalSection
EndGlobal
